
Microsoft Visual Studio Solution File, Format Version 12.00
# Visual Studio 14
VisualStudioVersion = 14.0.25420.1
MinimumVisualStudioVersion = 10.0.40219.1
Project("{2150E333-8FDC-42A3-9474-1A3956D46DE8}") = "src", "src", "{C01DB449-7436-4A2E-88DC-9DFD775308B8}"
EndProject
Project("{2150E333-8FDC-42A3-9474-1A3956D46DE8}") = "Solution Items", "Solution Items", "{DB2CD8A1-4FDB-4DFB-8D8D-06952D4232AA}"
	ProjectSection(SolutionItems) = preProject
		global.json = global.json
	EndProjectSection
EndProject
Project("{8BB2217D-0F2D-49D1-97BC-3654ED321F3B}") = "BackEnd.API", "src\BackEnd\BackEnd.API.xproj", "{BDB3C09F-B98A-47F8-87D1-DCEFB6A35C20}"
EndProject
Project("{8BB2217D-0F2D-49D1-97BC-3654ED321F3B}") = "BackEnd.Business", "src\BackEnd.Business\BackEnd.Business.xproj", "{FFC856B6-0608-4230-B2A3-80EFACE7B7FB}"
EndProject
Project("{8BB2217D-0F2D-49D1-97BC-3654ED321F3B}") = "BackEnd.Business.Interfaces", "src\BackEnd.Business.Interfaces\BackEnd.Business.Interfaces.xproj", "{114E9961-1304-4C40-B211-21C0549094D5}"
EndProject
Project("{8BB2217D-0F2D-49D1-97BC-3654ED321F3B}") = "BackEnd.Repository", "src\BackEnd.Repository\BackEnd.Repository.xproj", "{3F3703B8-7DE6-4F1B-AE52-F7E401D8F918}"
EndProject
Project("{8BB2217D-0F2D-49D1-97BC-3654ED321F3B}") = "BackEnd.Repository.Interfaces", "src\BackEnd.Repository.Interfaces\BackEnd.Repository.Interfaces.xproj", "{B67A5E3E-C74A-4811-91E7-DEFA0BFD3CDC}"
EndProject
Project("{8BB2217D-0F2D-49D1-97BC-3654ED321F3B}") = "BackEnd.Entities", "src\BackEnd.Entities\BackEnd.Entities.xproj", "{AF241E2F-CE6D-48F8-9536-588BBE4A51BD}"
EndProject
Global
	GlobalSection(SolutionConfigurationPlatforms) = preSolution
		Debug|Any CPU = Debug|Any CPU
		Release|Any CPU = Release|Any CPU
	EndGlobalSection
	GlobalSection(ProjectConfigurationPlatforms) = postSolution
		{BDB3C09F-B98A-47F8-87D1-DCEFB6A35C20}.Debug|Any CPU.ActiveCfg = Debug|Any CPU
		{BDB3C09F-B98A-47F8-87D1-DCEFB6A35C20}.Debug|Any CPU.Build.0 = Debug|Any CPU
		{BDB3C09F-B98A-47F8-87D1-DCEFB6A35C20}.Release|Any CPU.ActiveCfg = Release|Any CPU
		{BDB3C09F-B98A-47F8-87D1-DCEFB6A35C20}.Release|Any CPU.Build.0 = Release|Any CPU
		{FFC856B6-0608-4230-B2A3-80EFACE7B7FB}.Debug|Any CPU.ActiveCfg = Debug|Any CPU
		{FFC856B6-0608-4230-B2A3-80EFACE7B7FB}.Debug|Any CPU.Build.0 = Debug|Any CPU
		{FFC856B6-0608-4230-B2A3-80EFACE7B7FB}.Release|Any CPU.ActiveCfg = Release|Any CPU
		{FFC856B6-0608-4230-B2A3-80EFACE7B7FB}.Release|Any CPU.Build.0 = Release|Any CPU
		{114E9961-1304-4C40-B211-21C0549094D5}.Debug|Any CPU.ActiveCfg = Debug|Any CPU
		{114E9961-1304-4C40-B211-21C0549094D5}.Debug|Any CPU.Build.0 = Debug|Any CPU
		{114E9961-1304-4C40-B211-21C0549094D5}.Release|Any CPU.ActiveCfg = Release|Any CPU
		{114E9961-1304-4C40-B211-21C0549094D5}.Release|Any CPU.Build.0 = Release|Any CPU
		{3F3703B8-7DE6-4F1B-AE52-F7E401D8F918}.Debug|Any CPU.ActiveCfg = Debug|Any CPU
		{3F3703B8-7DE6-4F1B-AE52-F7E401D8F918}.Debug|Any CPU.Build.0 = Debug|Any CPU
		{3F3703B8-7DE6-4F1B-AE52-F7E401D8F918}.Release|Any CPU.ActiveCfg = Release|Any CPU
		{3F3703B8-7DE6-4F1B-AE52-F7E401D8F918}.Release|Any CPU.Build.0 = Release|Any CPU
		{B67A5E3E-C74A-4811-91E7-DEFA0BFD3CDC}.Debug|Any CPU.ActiveCfg = Debug|Any CPU
		{B67A5E3E-C74A-4811-91E7-DEFA0BFD3CDC}.Debug|Any CPU.Build.0 = Debug|Any CPU
		{B67A5E3E-C74A-4811-91E7-DEFA0BFD3CDC}.Release|Any CPU.ActiveCfg = Release|Any CPU
		{B67A5E3E-C74A-4811-91E7-DEFA0BFD3CDC}.Release|Any CPU.Build.0 = Release|Any CPU
		{AF241E2F-CE6D-48F8-9536-588BBE4A51BD}.Debug|Any CPU.ActiveCfg = Debug|Any CPU
		{AF241E2F-CE6D-48F8-9536-588BBE4A51BD}.Debug|Any CPU.Build.0 = Debug|Any CPU
		{AF241E2F-CE6D-48F8-9536-588BBE4A51BD}.Release|Any CPU.ActiveCfg = Release|Any CPU
		{AF241E2F-CE6D-48F8-9536-588BBE4A51BD}.Release|Any CPU.Build.0 = Release|Any CPU
	EndGlobalSection
	GlobalSection(SolutionProperties) = preSolution
		HideSolutionNode = FALSE
	EndGlobalSection
	GlobalSection(NestedProjects) = preSolution
		{BDB3C09F-B98A-47F8-87D1-DCEFB6A35C20} = {C01DB449-7436-4A2E-88DC-9DFD775308B8}
		{FFC856B6-0608-4230-B2A3-80EFACE7B7FB} = {C01DB449-7436-4A2E-88DC-9DFD775308B8}
		{114E9961-1304-4C40-B211-21C0549094D5} = {C01DB449-7436-4A2E-88DC-9DFD775308B8}
		{3F3703B8-7DE6-4F1B-AE52-F7E401D8F918} = {C01DB449-7436-4A2E-88DC-9DFD775308B8}
		{B67A5E3E-C74A-4811-91E7-DEFA0BFD3CDC} = {C01DB449-7436-4A2E-88DC-9DFD775308B8}
		{AF241E2F-CE6D-48F8-9536-588BBE4A51BD} = {C01DB449-7436-4A2E-88DC-9DFD775308B8}
	EndGlobalSection
EndGlobal
